// !$*UTF8*$!
{
	archiveVersion = 1;
	classes = {
	};
	objectVersion = 56;
	objects = {

/* Begin PBXBuildFile section */
		896BF8EA29D63C6D00878DF5 /* LedniceApp.swift in Sources */ = {isa = PBXBuildFile; fileRef = 896BF8E929D63C6D00878DF5 /* LedniceApp.swift */; };
		896BF8EC29D63C6D00878DF5 /* ContentView.swift in Sources */ = {isa = PBXBuildFile; fileRef = 896BF8EB29D63C6D00878DF5 /* ContentView.swift */; };
		896BF8EE29D63C6F00878DF5 /* Assets.xcassets in Resources */ = {isa = PBXBuildFile; fileRef = 896BF8ED29D63C6F00878DF5 /* Assets.xcassets */; };
		896BF8F129D63C6F00878DF5 /* Preview Assets.xcassets in Resources */ = {isa = PBXBuildFile; fileRef = 896BF8F029D63C6F00878DF5 /* Preview Assets.xcassets */; };
		896BF91929D6EA2A00878DF5 /* FoodItemCard.swift in Sources */ = {isa = PBXBuildFile; fileRef = 896BF91829D6EA2A00878DF5 /* FoodItemCard.swift */; };
		896BF91B29D6EF5C00878DF5 /* RecipeCard.swift in Sources */ = {isa = PBXBuildFile; fileRef = 896BF91A29D6EF5C00878DF5 /* RecipeCard.swift */; };
		896BF91D29D6EF9B00878DF5 /* RecipeItem.swift in Sources */ = {isa = PBXBuildFile; fileRef = 896BF91C29D6EF9B00878DF5 /* RecipeItem.swift */; };
		8974D5D92A1D722C00F7F217 /* RecipeRecommendation.swift in Sources */ = {isa = PBXBuildFile; fileRef = 8974D5D82A1D722C00F7F217 /* RecipeRecommendation.swift */; };
		8974D5DB2A1E4D3600F7F217 /* AddNewItemViewModel.swift in Sources */ = {isa = PBXBuildFile; fileRef = 8974D5DA2A1E4D3600F7F217 /* AddNewItemViewModel.swift */; };
		8974D5DD2A1E629100F7F217 /* RecipeRecommendationDetail.swift in Sources */ = {isa = PBXBuildFile; fileRef = 8974D5DC2A1E629100F7F217 /* RecipeRecommendationDetail.swift */; };
		8974D5DF2A1E67EE00F7F217 /* NotificationManager.swift in Sources */ = {isa = PBXBuildFile; fileRef = 8974D5DE2A1E67EE00F7F217 /* NotificationManager.swift */; };
		8974D5E32A1E6EF200F7F217 /* .gitignore in Resources */ = {isa = PBXBuildFile; fileRef = 8974D5E22A1E6EF200F7F217 /* .gitignore */; };
		89792DE12A1D1AAA0088C692 /* AddNewItemView.swift in Sources */ = {isa = PBXBuildFile; fileRef = 89792DE02A1D1AAA0088C692 /* AddNewItemView.swift */; };
		89792DE32A1D33630088C692 /* ImagePicker.swift in Sources */ = {isa = PBXBuildFile; fileRef = 89792DE22A1D33630088C692 /* ImagePicker.swift */; };
		89A68A272A041D1100CA2C34 /* FridgeItemsView.swift in Sources */ = {isa = PBXBuildFile; fileRef = 89A68A262A041D1100CA2C34 /* FridgeItemsView.swift */; };
		89A68A2D2A04366C00CA2C34 /* Model.xcdatamodeld in Sources */ = {isa = PBXBuildFile; fileRef = 89A68A2B2A04366C00CA2C34 /* Model.xcdatamodeld */; };
		89A68A2F2A0437C200CA2C34 /* DataManager.swift in Sources */ = {isa = PBXBuildFile; fileRef = 89A68A2E2A0437C200CA2C34 /* DataManager.swift */; };
		89A68A372A0440D000CA2C34 /* PreviewHelpers.swift in Sources */ = {isa = PBXBuildFile; fileRef = 89A68A362A0440D000CA2C34 /* PreviewHelpers.swift */; };
		89C235952A04485B00B096A1 /* FoodItem+CoreDataClass.swift in Sources */ = {isa = PBXBuildFile; fileRef = 89C235932A04485B00B096A1 /* FoodItem+CoreDataClass.swift */; };
		89C235962A04485B00B096A1 /* FoodItem+CoreDataProperties.swift in Sources */ = {isa = PBXBuildFile; fileRef = 89C235942A04485B00B096A1 /* FoodItem+CoreDataProperties.swift */; };
		89C235982A044B8500B096A1 /* Seed.swift in Sources */ = {isa = PBXBuildFile; fileRef = 89C235972A044B8500B096A1 /* Seed.swift */; };
/* End PBXBuildFile section */

/* Begin PBXContainerItemProxy section */
		896BF8F729D63C7000878DF5 /* PBXContainerItemProxy */ = {
			isa = PBXContainerItemProxy;
			containerPortal = 896BF8DE29D63C6D00878DF5 /* Project object */;
			proxyType = 1;
			remoteGlobalIDString = 896BF8E529D63C6D00878DF5;
			remoteInfo = Lednice;
		};
		896BF90129D63C7000878DF5 /* PBXContainerItemProxy */ = {
			isa = PBXContainerItemProxy;
			containerPortal = 896BF8DE29D63C6D00878DF5 /* Project object */;
			proxyType = 1;
			remoteGlobalIDString = 896BF8E529D63C6D00878DF5;
			remoteInfo = Lednice;
		};
/* End PBXContainerItemProxy section */

/* Begin PBXFileReference section */
		896BF8E629D63C6D00878DF5 /* Lednice.app */ = {isa = PBXFileReference; explicitFileType = wrapper.application; includeInIndex = 0; path = Lednice.app; sourceTree = BUILT_PRODUCTS_DIR; };
		896BF8E929D63C6D00878DF5 /* LedniceApp.swift */ = {isa = PBXFileReference; lastKnownFileType = sourcecode.swift; path = LedniceApp.swift; sourceTree = "<group>"; };
		896BF8EB29D63C6D00878DF5 /* ContentView.swift */ = {isa = PBXFileReference; lastKnownFileType = sourcecode.swift; path = ContentView.swift; sourceTree = "<group>"; };
		896BF8ED29D63C6F00878DF5 /* Assets.xcassets */ = {isa = PBXFileReference; lastKnownFileType = folder.assetcatalog; path = Assets.xcassets; sourceTree = "<group>"; };
		896BF8F029D63C6F00878DF5 /* Preview Assets.xcassets */ = {isa = PBXFileReference; lastKnownFileType = folder.assetcatalog; path = "Preview Assets.xcassets"; sourceTree = "<group>"; };
		896BF8F629D63C7000878DF5 /* LedniceTests.xctest */ = {isa = PBXFileReference; explicitFileType = wrapper.cfbundle; includeInIndex = 0; path = LedniceTests.xctest; sourceTree = BUILT_PRODUCTS_DIR; };
		896BF90029D63C7000878DF5 /* LedniceUITests.xctest */ = {isa = PBXFileReference; explicitFileType = wrapper.cfbundle; includeInIndex = 0; path = LedniceUITests.xctest; sourceTree = BUILT_PRODUCTS_DIR; };
		896BF91829D6EA2A00878DF5 /* FoodItemCard.swift */ = {isa = PBXFileReference; lastKnownFileType = sourcecode.swift; path = FoodItemCard.swift; sourceTree = "<group>"; };
		896BF91A29D6EF5C00878DF5 /* RecipeCard.swift */ = {isa = PBXFileReference; lastKnownFileType = sourcecode.swift; path = RecipeCard.swift; sourceTree = "<group>"; };
		896BF91C29D6EF9B00878DF5 /* RecipeItem.swift */ = {isa = PBXFileReference; lastKnownFileType = sourcecode.swift; path = RecipeItem.swift; sourceTree = "<group>"; };
		8974D5D82A1D722C00F7F217 /* RecipeRecommendation.swift */ = {isa = PBXFileReference; lastKnownFileType = sourcecode.swift; name = RecipeRecommendation.swift; path = ../../../../../../Applications/RecipeRecommendation.swift; sourceTree = "<group>"; };
		8974D5DA2A1E4D3600F7F217 /* AddNewItemViewModel.swift */ = {isa = PBXFileReference; lastKnownFileType = sourcecode.swift; path = AddNewItemViewModel.swift; sourceTree = "<group>"; };
		8974D5DC2A1E629100F7F217 /* RecipeRecommendationDetail.swift */ = {isa = PBXFileReference; lastKnownFileType = sourcecode.swift; path = RecipeRecommendationDetail.swift; sourceTree = "<group>"; };
		8974D5DE2A1E67EE00F7F217 /* NotificationManager.swift */ = {isa = PBXFileReference; lastKnownFileType = sourcecode.swift; path = NotificationManager.swift; sourceTree = "<group>"; };
		8974D5E02A1E6C2100F7F217 /* Debug.xcconfig */ = {isa = PBXFileReference; lastKnownFileType = text.xcconfig; path = Debug.xcconfig; sourceTree = "<group>"; };
		8974D5E12A1E6C2F00F7F217 /* Release.xcconfig */ = {isa = PBXFileReference; lastKnownFileType = text.xcconfig; path = Release.xcconfig; sourceTree = "<group>"; };
		8974D5E22A1E6EF200F7F217 /* .gitignore */ = {isa = PBXFileReference; lastKnownFileType = text; path = .gitignore; sourceTree = SOURCE_ROOT; };
		8974D5E42A1E754600F7F217 /* Info.plist */ = {isa = PBXFileReference; lastKnownFileType = text.plist; path = Info.plist; sourceTree = "<group>"; };
		89792DE02A1D1AAA0088C692 /* AddNewItemView.swift */ = {isa = PBXFileReference; lastKnownFileType = sourcecode.swift; path = AddNewItemView.swift; sourceTree = "<group>"; };
		89792DE22A1D33630088C692 /* ImagePicker.swift */ = {isa = PBXFileReference; lastKnownFileType = sourcecode.swift; path = ImagePicker.swift; sourceTree = "<group>"; };
		89A68A262A041D1100CA2C34 /* FridgeItemsView.swift */ = {isa = PBXFileReference; lastKnownFileType = sourcecode.swift; path = FridgeItemsView.swift; sourceTree = "<group>"; };
		89A68A2C2A04366C00CA2C34 /* Model.xcdatamodel */ = {isa = PBXFileReference; lastKnownFileType = wrapper.xcdatamodel; path = Model.xcdatamodel; sourceTree = "<group>"; };
		89A68A2E2A0437C200CA2C34 /* DataManager.swift */ = {isa = PBXFileReference; lastKnownFileType = sourcecode.swift; path = DataManager.swift; sourceTree = "<group>"; };
		89A68A362A0440D000CA2C34 /* PreviewHelpers.swift */ = {isa = PBXFileReference; lastKnownFileType = sourcecode.swift; path = PreviewHelpers.swift; sourceTree = "<group>"; };
		89C235932A04485B00B096A1 /* FoodItem+CoreDataClass.swift */ = {isa = PBXFileReference; lastKnownFileType = sourcecode.swift; path = "FoodItem+CoreDataClass.swift"; sourceTree = "<group>"; };
		89C235942A04485B00B096A1 /* FoodItem+CoreDataProperties.swift */ = {isa = PBXFileReference; lastKnownFileType = sourcecode.swift; path = "FoodItem+CoreDataProperties.swift"; sourceTree = "<group>"; };
		89C235972A044B8500B096A1 /* Seed.swift */ = {isa = PBXFileReference; lastKnownFileType = sourcecode.swift; path = Seed.swift; sourceTree = "<group>"; };
/* End PBXFileReference section */

/* Begin PBXFrameworksBuildPhase section */
		896BF8E329D63C6D00878DF5 /* Frameworks */ = {
			isa = PBXFrameworksBuildPhase;
			buildActionMask = 2147483647;
			files = (
			);
			runOnlyForDeploymentPostprocessing = 0;
		};
		896BF8F329D63C7000878DF5 /* Frameworks */ = {
			isa = PBXFrameworksBuildPhase;
			buildActionMask = 2147483647;
			files = (
			);
			runOnlyForDeploymentPostprocessing = 0;
		};
		896BF8FD29D63C7000878DF5 /* Frameworks */ = {
			isa = PBXFrameworksBuildPhase;
			buildActionMask = 2147483647;
			files = (
			);
			runOnlyForDeploymentPostprocessing = 0;
		};
/* End PBXFrameworksBuildPhase section */

/* Begin PBXGroup section */
		896BF8DD29D63C6D00878DF5 = {
			isa = PBXGroup;
			children = (
				8974D5E22A1E6EF200F7F217 /* .gitignore */,
				8974D5E02A1E6C2100F7F217 /* Debug.xcconfig */,
				8974D5E12A1E6C2F00F7F217 /* Release.xcconfig */,
				896BF8E829D63C6D00878DF5 /* Lednice */,
				896BF8E729D63C6D00878DF5 /* Products */,
			);
			sourceTree = "<group>";
		};
		896BF8E729D63C6D00878DF5 /* Products */ = {
			isa = PBXGroup;
			children = (
				896BF8E629D63C6D00878DF5 /* Lednice.app */,
				896BF8F629D63C7000878DF5 /* LedniceTests.xctest */,
				896BF90029D63C7000878DF5 /* LedniceUITests.xctest */,
			);
			name = Products;
			sourceTree = "<group>";
		};
		896BF8E829D63C6D00878DF5 /* Lednice */ = {
			isa = PBXGroup;
			children = (
				8974D5E42A1E754600F7F217 /* Info.plist */,
				89A68A2B2A04366C00CA2C34 /* Model.xcdatamodeld */,
				89A68A252A041CDF00CA2C34 /* Views */,
				896BF8E929D63C6D00878DF5 /* LedniceApp.swift */,
				896BF8ED29D63C6F00878DF5 /* Assets.xcassets */,
				89A68A242A040DE300CA2C34 /* Models */,
				896BF8EF29D63C6F00878DF5 /* Preview Content */,
				89A68A232A040DC300CA2C34 /* Components */,
				89A68A2E2A0437C200CA2C34 /* DataManager.swift */,
				89A68A362A0440D000CA2C34 /* PreviewHelpers.swift */,
				89C235972A044B8500B096A1 /* Seed.swift */,
				8974D5DE2A1E67EE00F7F217 /* NotificationManager.swift */,
			);
			path = Lednice;
			sourceTree = "<group>";
		};
		896BF8EF29D63C6F00878DF5 /* Preview Content */ = {
			isa = PBXGroup;
			children = (
				896BF8F029D63C6F00878DF5 /* Preview Assets.xcassets */,
			);
			path = "Preview Content";
			sourceTree = "<group>";
		};
		89A68A232A040DC300CA2C34 /* Components */ = {
			isa = PBXGroup;
			children = (
				896BF91829D6EA2A00878DF5 /* FoodItemCard.swift */,
				896BF91A29D6EF5C00878DF5 /* RecipeCard.swift */,
				89792DE22A1D33630088C692 /* ImagePicker.swift */,
			);
			name = Components;
			sourceTree = "<group>";
		};
		89A68A242A040DE300CA2C34 /* Models */ = {
			isa = PBXGroup;
			children = (
				89C235932A04485B00B096A1 /* FoodItem+CoreDataClass.swift */,
				89C235942A04485B00B096A1 /* FoodItem+CoreDataProperties.swift */,
				896BF91C29D6EF9B00878DF5 /* RecipeItem.swift */,
				8974D5D82A1D722C00F7F217 /* RecipeRecommendation.swift */,
				8974D5DA2A1E4D3600F7F217 /* AddNewItemViewModel.swift */,
				8974D5DC2A1E629100F7F217 /* RecipeRecommendationDetail.swift */,
			);
			name = Models;
			sourceTree = "<group>";
		};
		89A68A252A041CDF00CA2C34 /* Views */ = {
			isa = PBXGroup;
			children = (
				896BF8EB29D63C6D00878DF5 /* ContentView.swift */,
				89A68A262A041D1100CA2C34 /* FridgeItemsView.swift */,
				89792DE02A1D1AAA0088C692 /* AddNewItemView.swift */,
			);
			name = Views;
			sourceTree = "<group>";
		};
/* End PBXGroup section */

/* Begin PBXNativeTarget section */
		896BF8E529D63C6D00878DF5 /* Lednice */ = {
			isa = PBXNativeTarget;
			buildConfigurationList = 896BF90A29D63C7000878DF5 /* Build configuration list for PBXNativeTarget "Lednice" */;
			buildPhases = (
				896BF8E229D63C6D00878DF5 /* Sources */,
				896BF8E329D63C6D00878DF5 /* Frameworks */,
				896BF8E429D63C6D00878DF5 /* Resources */,
			);
			buildRules = (
			);
			dependencies = (
			);
			name = Lednice;
			productName = Lednice;
			productReference = 896BF8E629D63C6D00878DF5 /* Lednice.app */;
			productType = "com.apple.product-type.application";
		};
		896BF8F529D63C7000878DF5 /* LedniceTests */ = {
			isa = PBXNativeTarget;
			buildConfigurationList = 896BF90D29D63C7000878DF5 /* Build configuration list for PBXNativeTarget "LedniceTests" */;
			buildPhases = (
				896BF8F229D63C7000878DF5 /* Sources */,
				896BF8F329D63C7000878DF5 /* Frameworks */,
				896BF8F429D63C7000878DF5 /* Resources */,
			);
			buildRules = (
			);
			dependencies = (
				896BF8F829D63C7000878DF5 /* PBXTargetDependency */,
			);
			name = LedniceTests;
			productName = LedniceTests;
			productReference = 896BF8F629D63C7000878DF5 /* LedniceTests.xctest */;
			productType = "com.apple.product-type.bundle.unit-test";
		};
		896BF8FF29D63C7000878DF5 /* LedniceUITests */ = {
			isa = PBXNativeTarget;
			buildConfigurationList = 896BF91029D63C7000878DF5 /* Build configuration list for PBXNativeTarget "LedniceUITests" */;
			buildPhases = (
				896BF8FC29D63C7000878DF5 /* Sources */,
				896BF8FD29D63C7000878DF5 /* Frameworks */,
				896BF8FE29D63C7000878DF5 /* Resources */,
			);
			buildRules = (
			);
			dependencies = (
				896BF90229D63C7000878DF5 /* PBXTargetDependency */,
			);
			name = LedniceUITests;
			productName = LedniceUITests;
			productReference = 896BF90029D63C7000878DF5 /* LedniceUITests.xctest */;
			productType = "com.apple.product-type.bundle.ui-testing";
		};
/* End PBXNativeTarget section */

/* Begin PBXProject section */
		896BF8DE29D63C6D00878DF5 /* Project object */ = {
			isa = PBXProject;
			attributes = {
				BuildIndependentTargetsInParallel = 1;
				LastSwiftUpdateCheck = 1420;
				LastUpgradeCheck = 1420;
				TargetAttributes = {
					896BF8E529D63C6D00878DF5 = {
						CreatedOnToolsVersion = 14.2;
					};
					896BF8F529D63C7000878DF5 = {
						CreatedOnToolsVersion = 14.2;
						TestTargetID = 896BF8E529D63C6D00878DF5;
					};
					896BF8FF29D63C7000878DF5 = {
						CreatedOnToolsVersion = 14.2;
						TestTargetID = 896BF8E529D63C6D00878DF5;
					};
				};
			};
			buildConfigurationList = 896BF8E129D63C6D00878DF5 /* Build configuration list for PBXProject "Lednice" */;
			compatibilityVersion = "Xcode 14.0";
			developmentRegion = en;
			hasScannedForEncodings = 0;
			knownRegions = (
				en,
				Base,
			);
			mainGroup = 896BF8DD29D63C6D00878DF5;
			productRefGroup = 896BF8E729D63C6D00878DF5 /* Products */;
			projectDirPath = "";
			projectRoot = "";
			targets = (
				896BF8E529D63C6D00878DF5 /* Lednice */,
				896BF8F529D63C7000878DF5 /* LedniceTests */,
				896BF8FF29D63C7000878DF5 /* LedniceUITests */,
			);
		};
/* End PBXProject section */

/* Begin PBXResourcesBuildPhase section */
		896BF8E429D63C6D00878DF5 /* Resources */ = {
			isa = PBXResourcesBuildPhase;
			buildActionMask = 2147483647;
			files = (
				896BF8F129D63C6F00878DF5 /* Preview Assets.xcassets in Resources */,
				8974D5E32A1E6EF200F7F217 /* .gitignore in Resources */,
				896BF8EE29D63C6F00878DF5 /* Assets.xcassets in Resources */,
			);
			runOnlyForDeploymentPostprocessing = 0;
		};
		896BF8F429D63C7000878DF5 /* Resources */ = {
			isa = PBXResourcesBuildPhase;
			buildActionMask = 2147483647;
			files = (
			);
			runOnlyForDeploymentPostprocessing = 0;
		};
		896BF8FE29D63C7000878DF5 /* Resources */ = {
			isa = PBXResourcesBuildPhase;
			buildActionMask = 2147483647;
			files = (
			);
			runOnlyForDeploymentPostprocessing = 0;
		};
/* End PBXResourcesBuildPhase section */

/* Begin PBXSourcesBuildPhase section */
		896BF8E229D63C6D00878DF5 /* Sources */ = {
			isa = PBXSourcesBuildPhase;
			buildActionMask = 2147483647;
			files = (
				89A68A272A041D1100CA2C34 /* FridgeItemsView.swift in Sources */,
				89A68A2F2A0437C200CA2C34 /* DataManager.swift in Sources */,
				8974D5DB2A1E4D3600F7F217 /* AddNewItemViewModel.swift in Sources */,
				89C235982A044B8500B096A1 /* Seed.swift in Sources */,
				89792DE32A1D33630088C692 /* ImagePicker.swift in Sources */,
				896BF91B29D6EF5C00878DF5 /* RecipeCard.swift in Sources */,
				89A68A2D2A04366C00CA2C34 /* Model.xcdatamodeld in Sources */,
				896BF91D29D6EF9B00878DF5 /* RecipeItem.swift in Sources */,
				8974D5DD2A1E629100F7F217 /* RecipeRecommendationDetail.swift in Sources */,
				896BF8EC29D63C6D00878DF5 /* ContentView.swift in Sources */,
				89792DE12A1D1AAA0088C692 /* AddNewItemView.swift in Sources */,
				89C235952A04485B00B096A1 /* FoodItem+CoreDataClass.swift in Sources */,
				8974D5DF2A1E67EE00F7F217 /* NotificationManager.swift in Sources */,
				89A68A372A0440D000CA2C34 /* PreviewHelpers.swift in Sources */,
				8974D5D92A1D722C00F7F217 /* RecipeRecommendation.swift in Sources */,
				896BF8EA29D63C6D00878DF5 /* LedniceApp.swift in Sources */,
				896BF91929D6EA2A00878DF5 /* FoodItemCard.swift in Sources */,
				89C235962A04485B00B096A1 /* FoodItem+CoreDataProperties.swift in Sources */,
			);
			runOnlyForDeploymentPostprocessing = 0;
		};
		896BF8F229D63C7000878DF5 /* Sources */ = {
			isa = PBXSourcesBuildPhase;
			buildActionMask = 2147483647;
			files = (
			);
			runOnlyForDeploymentPostprocessing = 0;
		};
		896BF8FC29D63C7000878DF5 /* Sources */ = {
			isa = PBXSourcesBuildPhase;
			buildActionMask = 2147483647;
			files = (
			);
			runOnlyForDeploymentPostprocessing = 0;
		};
/* End PBXSourcesBuildPhase section */

/* Begin PBXTargetDependency section */
		896BF8F829D63C7000878DF5 /* PBXTargetDependency */ = {
			isa = PBXTargetDependency;
			target = 896BF8E529D63C6D00878DF5 /* Lednice */;
			targetProxy = 896BF8F729D63C7000878DF5 /* PBXContainerItemProxy */;
		};
		896BF90229D63C7000878DF5 /* PBXTargetDependency */ = {
			isa = PBXTargetDependency;
			target = 896BF8E529D63C6D00878DF5 /* Lednice */;
			targetProxy = 896BF90129D63C7000878DF5 /* PBXContainerItemProxy */;
		};
/* End PBXTargetDependency section */

/* Begin XCBuildConfiguration section */
		896BF90829D63C7000878DF5 /* Debug */ = {
			isa = XCBuildConfiguration;
			baseConfigurationReference = 8974D5E02A1E6C2100F7F217 /* Debug.xcconfig */;
			buildSettings = {
				ALWAYS_SEARCH_USER_PATHS = NO;
				CLANG_ANALYZER_NONNULL = YES;
				CLANG_ANALYZER_NUMBER_OBJECT_CONVERSION = YES_AGGRESSIVE;
				CLANG_CXX_LANGUAGE_STANDARD = "gnu++20";
				CLANG_ENABLE_MODULES = YES;
				CLANG_ENABLE_OBJC_ARC = YES;
				CLANG_ENABLE_OBJC_WEAK = YES;
				CLANG_WARN_BLOCK_CAPTURE_AUTORELEASING = YES;
				CLANG_WARN_BOOL_CONVERSION = YES;
				CLANG_WARN_COMMA = YES;
				CLANG_WARN_CONSTANT_CONVERSION = YES;
				CLANG_WARN_DEPRECATED_OBJC_IMPLEMENTATIONS = YES;
				CLANG_WARN_DIRECT_OBJC_ISA_USAGE = YES_ERROR;
				CLANG_WARN_DOCUMENTATION_COMMENTS = YES;
				CLANG_WARN_EMPTY_BODY = YES;
				CLANG_WARN_ENUM_CONVERSION = YES;
				CLANG_WARN_INFINITE_RECURSION = YES;
				CLANG_WARN_INT_CONVERSION = YES;
				CLANG_WARN_NON_LITERAL_NULL_CONVERSION = YES;
				CLANG_WARN_OBJC_IMPLICIT_RETAIN_SELF = YES;
				CLANG_WARN_OBJC_LITERAL_CONVERSION = YES;
				CLANG_WARN_OBJC_ROOT_CLASS = YES_ERROR;
				CLANG_WARN_QUOTED_INCLUDE_IN_FRAMEWORK_HEADER = YES;
				CLANG_WARN_RANGE_LOOP_ANALYSIS = YES;
				CLANG_WARN_STRICT_PROTOTYPES = YES;
				CLANG_WARN_SUSPICIOUS_MOVE = YES;
				CLANG_WARN_UNGUARDED_AVAILABILITY = YES_AGGRESSIVE;
				CLANG_WARN_UNREACHABLE_CODE = YES;
				CLANG_WARN__DUPLICATE_METHOD_MATCH = YES;
				COPY_PHASE_STRIP = NO;
				DEBUG_INFORMATION_FORMAT = dwarf;
				ENABLE_STRICT_OBJC_MSGSEND = YES;
				ENABLE_TESTABILITY = YES;
				GCC_C_LANGUAGE_STANDARD = gnu11;
				GCC_DYNAMIC_NO_PIC = NO;
				GCC_NO_COMMON_BLOCKS = YES;
				GCC_OPTIMIZATION_LEVEL = 0;
				GCC_PREPROCESSOR_DEFINITIONS = (
					"DEBUG=1",
					"$(inherited)",
				);
				GCC_WARN_64_TO_32_BIT_CONVERSION = YES;
				GCC_WARN_ABOUT_RETURN_TYPE = YES_ERROR;
				GCC_WARN_UNDECLARED_SELECTOR = YES;
				GCC_WARN_UNINITIALIZED_AUTOS = YES_AGGRESSIVE;
				GCC_WARN_UNUSED_FUNCTION = YES;
				GCC_WARN_UNUSED_VARIABLE = YES;
				IPHONEOS_DEPLOYMENT_TARGET = 16.2;
				MTL_ENABLE_DEBUG_INFO = INCLUDE_SOURCE;
				MTL_FAST_MATH = YES;
				ONLY_ACTIVE_ARCH = YES;
				SDKROOT = iphoneos;
				SWIFT_ACTIVE_COMPILATION_CONDITIONS = DEBUG;
				SWIFT_OPTIMIZATION_LEVEL = "-Onone";
			};
			name = Debug;
		};
		896BF90929D63C7000878DF5 /* Release */ = {
			isa = XCBuildConfiguration;
			baseConfigurationReference = 8974D5E12A1E6C2F00F7F217 /* Release.xcconfig */;
			buildSettings = {
				ALWAYS_SEARCH_USER_PATHS = NO;
				CLANG_ANALYZER_NONNULL = YES;
				CLANG_ANALYZER_NUMBER_OBJECT_CONVERSION = YES_AGGRESSIVE;
				CLANG_CXX_LANGUAGE_STANDARD = "gnu++20";
				CLANG_ENABLE_MODULES = YES;
				CLANG_ENABLE_OBJC_ARC = YES;
				CLANG_ENABLE_OBJC_WEAK = YES;
				CLANG_WARN_BLOCK_CAPTURE_AUTORELEASING = YES;
				CLANG_WARN_BOOL_CONVERSION = YES;
				CLANG_WARN_COMMA = YES;
				CLANG_WARN_CONSTANT_CONVERSION = YES;
				CLANG_WARN_DEPRECATED_OBJC_IMPLEMENTATIONS = YES;
				CLANG_WARN_DIRECT_OBJC_ISA_USAGE = YES_ERROR;
				CLANG_WARN_DOCUMENTATION_COMMENTS = YES;
				CLANG_WARN_EMPTY_BODY = YES;
				CLANG_WARN_ENUM_CONVERSION = YES;
				CLANG_WARN_INFINITE_RECURSION = YES;
				CLANG_WARN_INT_CONVERSION = YES;
				CLANG_WARN_NON_LITERAL_NULL_CONVERSION = YES;
				CLANG_WARN_OBJC_IMPLICIT_RETAIN_SELF = YES;
				CLANG_WARN_OBJC_LITERAL_CONVERSION = YES;
				CLANG_WARN_OBJC_ROOT_CLASS = YES_ERROR;
				CLANG_WARN_QUOTED_INCLUDE_IN_FRAMEWORK_HEADER = YES;
				CLANG_WARN_RANGE_LOOP_ANALYSIS = YES;
				CLANG_WARN_STRICT_PROTOTYPES = YES;
				CLANG_WARN_SUSPICIOUS_MOVE = YES;
				CLANG_WARN_UNGUARDED_AVAILABILITY = YES_AGGRESSIVE;
				CLANG_WARN_UNREACHABLE_CODE = YES;
				CLANG_WARN__DUPLICATE_METHOD_MATCH = YES;
				COPY_PHASE_STRIP = NO;
				DEBUG_INFORMATION_FORMAT = "dwarf-with-dsym";
				ENABLE_NS_ASSERTIONS = NO;
				ENABLE_STRICT_OBJC_MSGSEND = YES;
				GCC_C_LANGUAGE_STANDARD = gnu11;
				GCC_NO_COMMON_BLOCKS = YES;
				GCC_WARN_64_TO_32_BIT_CONVERSION = YES;
				GCC_WARN_ABOUT_RETURN_TYPE = YES_ERROR;
				GCC_WARN_UNDECLARED_SELECTOR = YES;
				GCC_WARN_UNINITIALIZED_AUTOS = YES_AGGRESSIVE;
				GCC_WARN_UNUSED_FUNCTION = YES;
				GCC_WARN_UNUSED_VARIABLE = YES;
				IPHONEOS_DEPLOYMENT_TARGET = 16.2;
				MTL_ENABLE_DEBUG_INFO = NO;
				MTL_FAST_MATH = YES;
				SDKROOT = iphoneos;
				SWIFT_COMPILATION_MODE = wholemodule;
				SWIFT_OPTIMIZATION_LEVEL = "-O";
				VALIDATE_PRODUCT = YES;
			};
			name = Release;
		};
		896BF90B29D63C7000878DF5 /* Debug */ = {
			isa = XCBuildConfiguration;
			baseConfigurationReference = 8974D5E02A1E6C2100F7F217 /* Debug.xcconfig */;
			buildSettings = {
				ASSETCATALOG_COMPILER_APPICON_NAME = AppIcon;
				ASSETCATALOG_COMPILER_GLOBAL_ACCENT_COLOR_NAME = AccentColor;
				CODE_SIGN_STYLE = Automatic;
				CURRENT_PROJECT_VERSION = 1;
				DEVELOPMENT_ASSET_PATHS = "\"Lednice/Preview Content\"";
				ENABLE_PREVIEWS = YES;
				GENERATE_INFOPLIST_FILE = YES;
				INFOPLIST_FILE = Lednice/Info.plist;
				INFOPLIST_KEY_UIApplicationSceneManifest_Generation = YES;
				INFOPLIST_KEY_UIApplicationSupportsIndirectInputEvents = YES;
				INFOPLIST_KEY_UILaunchScreen_Generation = YES;
				INFOPLIST_KEY_UISupportedInterfaceOrientations_iPhone = UIInterfaceOrientationPortrait;
				LD_RUNPATH_SEARCH_PATHS = (
					"$(inherited)",
					"@executable_path/Frameworks",
				);
				MARKETING_VERSION = 1.0;
				PRODUCT_BUNDLE_IDENTIFIER = martinpetr.Lednice;
				PRODUCT_NAME = "$(TARGET_NAME)";
				SWIFT_EMIT_LOC_STRINGS = YES;
				SWIFT_VERSION = 5.0;
				TARGETED_DEVICE_FAMILY = "1,2";
			};
			name = Debug;
		};
		896BF90C29D63C7000878DF5 /* Release */ = {
			isa = XCBuildConfiguration;
			baseConfigurationReference = 8974D5E12A1E6C2F00F7F217 /* Release.xcconfig */;
			buildSettings = {
				ASSETCATALOG_COMPILER_APPICON_NAME = AppIcon;
				ASSETCATALOG_COMPILER_GLOBAL_ACCENT_COLOR_NAME = AccentColor;
				CODE_SIGN_STYLE = Automatic;
				CURRENT_PROJECT_VERSION = 1;
				DEVELOPMENT_ASSET_PATHS = "\"Lednice/Preview Content\"";
				ENABLE_PREVIEWS = YES;
				GENERATE_INFOPLIST_FILE = YES;
				INFOPLIST_FILE = Lednice/Info.plist;
				INFOPLIST_KEY_UIApplicationSceneManifest_Generation = YES;
				INFOPLIST_KEY_UIApplicationSupportsIndirectInputEvents = YES;
				INFOPLIST_KEY_UILaunchScreen_Generation = YES;
				INFOPLIST_KEY_UISupportedInterfaceOrientations_iPhone = UIInterfaceOrientationPortrait;
				LD_RUNPATH_SEARCH_PATHS = (
					"$(inherited)",
					"@executable_path/Frameworks",
				);
				MARKETING_VERSION = 1.0;
				PRODUCT_BUNDLE_IDENTIFIER = martinpetr.Lednice;
				PRODUCT_NAME = "$(TARGET_NAME)";
				SWIFT_EMIT_LOC_STRINGS = YES;
				SWIFT_VERSION = 5.0;
				TARGETED_DEVICE_FAMILY = "1,2";
			};
			name = Release;
		};
		896BF90E29D63C7000878DF5 /* Debug */ = {
			isa = XCBuildConfiguration;
			baseConfigurationReference = 8974D5E02A1E6C2100F7F217 /* Debug.xcconfig */;
			buildSettings = {
				ALWAYS_EMBED_SWIFT_STANDARD_LIBRARIES = YES;
				BUNDLE_LOADER = "$(TEST_HOST)";
				CODE_SIGN_STYLE = Automatic;
				CURRENT_PROJECT_VERSION = 1;
				GENERATE_INFOPLIST_FILE = YES;
				IPHONEOS_DEPLOYMENT_TARGET = 16.2;
				MARKETING_VERSION = 1.0;
				PRODUCT_BUNDLE_IDENTIFIER = martinpetr.LedniceTests;
				PRODUCT_NAME = "$(TARGET_NAME)";
				SWIFT_EMIT_LOC_STRINGS = NO;
				SWIFT_VERSION = 5.0;
				TARGETED_DEVICE_FAMILY = "1,2";
				TEST_HOST = "$(BUILT_PRODUCTS_DIR)/Lednice.app/$(BUNDLE_EXECUTABLE_FOLDER_PATH)/Lednice";
			};
			name = Debug;
		};
		896BF90F29D63C7000878DF5 /* Release */ = {
			isa = XCBuildConfiguration;
			baseConfigurationReference = 8974D5E12A1E6C2F00F7F217 /* Release.xcconfig */;
			buildSettings = {
				ALWAYS_EMBED_SWIFT_STANDARD_LIBRARIES = YES;
				BUNDLE_LOADER = "$(TEST_HOST)";
				CODE_SIGN_STYLE = Automatic;
				CURRENT_PROJECT_VERSION = 1;
				GENERATE_INFOPLIST_FILE = YES;
				IPHONEOS_DEPLOYMENT_TARGET = 16.2;
				MARKETING_VERSION = 1.0;
				PRODUCT_BUNDLE_IDENTIFIER = martinpetr.LedniceTests;
				PRODUCT_NAME = "$(TARGET_NAME)";
				SWIFT_EMIT_LOC_STRINGS = NO;
				SWIFT_VERSION = 5.0;
				TARGETED_DEVICE_FAMILY = "1,2";
				TEST_HOST = "$(BUILT_PRODUCTS_DIR)/Lednice.app/$(BUNDLE_EXECUTABLE_FOLDER_PATH)/Lednice";
			};
			name = Release;
		};
		896BF91129D63C7000878DF5 /* Debug */ = {
			isa = XCBuildConfiguration;
			baseConfigurationReference = 8974D5E02A1E6C2100F7F217 /* Debug.xcconfig */;
			buildSettings = {
				ALWAYS_EMBED_SWIFT_STANDARD_LIBRARIES = YES;
				CODE_SIGN_STYLE = Automatic;
				CURRENT_PROJECT_VERSION = 1;
				GENERATE_INFOPLIST_FILE = YES;
				MARKETING_VERSION = 1.0;
				PRODUCT_BUNDLE_IDENTIFIER = martinpetr.LedniceUITests;
				PRODUCT_NAME = "$(TARGET_NAME)";
				SWIFT_EMIT_LOC_STRINGS = NO;
				SWIFT_VERSION = 5.0;
				TARGETED_DEVICE_FAMILY = "1,2";
				TEST_TARGET_NAME = Lednice;
			};
			name = Debug;
		};
		896BF91229D63C7000878DF5 /* Release */ = {
			isa = XCBuildConfiguration;
			baseConfigurationReference = 8974D5E12A1E6C2F00F7F217 /* Release.xcconfig */;
			buildSettings = {
				ALWAYS_EMBED_SWIFT_STANDARD_LIBRARIES = YES;
				CODE_SIGN_STYLE = Automatic;
				CURRENT_PROJECT_VERSION = 1;
				GENERATE_INFOPLIST_FILE = YES;
				MARKETING_VERSION = 1.0;
				PRODUCT_BUNDLE_IDENTIFIER = martinpetr.LedniceUITests;
				PRODUCT_NAME = "$(TARGET_NAME)";
				SWIFT_EMIT_LOC_STRINGS = NO;
				SWIFT_VERSION = 5.0;
				TARGETED_DEVICE_FAMILY = "1,2";
				TEST_TARGET_NAME = Lednice;
			};
			name = Release;
		};
/* End XCBuildConfiguration section */

/* Begin XCConfigurationList section */
		896BF8E129D63C6D00878DF5 /* Build configuration list for PBXProject "Lednice" */ = {
			isa = XCConfigurationList;
			buildConfigurations = (
				896BF90829D63C7000878DF5 /* Debug */,
				896BF90929D63C7000878DF5 /* Release */,
			);
			defaultConfigurationIsVisible = 0;
			defaultConfigurationName = Release;
		};
		896BF90A29D63C7000878DF5 /* Build configuration list for PBXNativeTarget "Lednice" */ = {
			isa = XCConfigurationList;
			buildConfigurations = (
				896BF90B29D63C7000878DF5 /* Debug */,
				896BF90C29D63C7000878DF5 /* Release */,
			);
			defaultConfigurationIsVisible = 0;
			defaultConfigurationName = Release;
		};
		896BF90D29D63C7000878DF5 /* Build configuration list for PBXNativeTarget "LedniceTests" */ = {
			isa = XCConfigurationList;
			buildConfigurations = (
				896BF90E29D63C7000878DF5 /* Debug */,
				896BF90F29D63C7000878DF5 /* Release */,
			);
			defaultConfigurationIsVisible = 0;
			defaultConfigurationName = Release;
		};
		896BF91029D63C7000878DF5 /* Build configuration list for PBXNativeTarget "LedniceUITests" */ = {
			isa = XCConfigurationList;
			buildConfigurations = (
				896BF91129D63C7000878DF5 /* Debug */,
				896BF91229D63C7000878DF5 /* Release */,
			);
			defaultConfigurationIsVisible = 0;
			defaultConfigurationName = Release;
		};
/* End XCConfigurationList section */

/* Begin XCVersionGroup section */
		89A68A2B2A04366C00CA2C34 /* Model.xcdatamodeld */ = {
			isa = XCVersionGroup;
			children = (
				89A68A2C2A04366C00CA2C34 /* Model.xcdatamodel */,
			);
			currentVersion = 89A68A2C2A04366C00CA2C34 /* Model.xcdatamodel */;
			path = Model.xcdatamodeld;
			sourceTree = "<group>";
			versionGroupType = wrapper.xcdatamodel;
		};
/* End XCVersionGroup section */
	};
	rootObject = 896BF8DE29D63C6D00878DF5 /* Project object */;
}
